
Microsoft Visual Studio Solution File, Format Version 12.00
# Visual Studio Version 16
VisualStudioVersion = 16.0.29728.190
MinimumVisualStudioVersion = 10.0.40219.1
Project("{9A19103F-16F7-4668-BE54-9A1E7A4F7556}") = "Domain", "src\Domain\Domain.csproj", "{E6F0A7BC-55AE-4372-A554-889B07C9ADB0}"
EndProject
Project("{2150E333-8FDC-42A3-9474-1A3956D46DE8}") = "Solution Items", "Solution Items", "{90173BE7-2142-4050-8DA9-4C66F500EA3A}"
	ProjectSection(SolutionItems) = preProject
		.editorconfig = .editorconfig
		.gitignore = .gitignore
		.azure\pipelines\ci.yml = .azure\pipelines\ci.yml
		Directory.Build.props = Directory.Build.props
		Local.runsettings = Local.runsettings
		.azure\pipelines\pkg.yml = .azure\pipelines\pkg.yml
		README.md = README.md
	EndProjectSection
EndProject
Project("{9A19103F-16F7-4668-BE54-9A1E7A4F7556}") = "Infrastructure.RestApi", "src\Infrastructure.RestApi\Infrastructure.RestApi.csproj", "{3A04400E-D128-41E9-9C84-B69230C62B68}"
EndProject
Project("{9A19103F-16F7-4668-BE54-9A1E7A4F7556}") = "Infrastructure.RestApi.IntegrationTests", "test\Infrastructure.RestApi.IntegrationTests\Infrastructure.RestApi.IntegrationTests.csproj", "{7B093A0E-802D-4A46-803D-DB28B140631A}"
EndProject
Project("{9A19103F-16F7-4668-BE54-9A1E7A4F7556}") = "Infrastructure.RestApi.UnitTests", "test\Infrastructure.RestApi.UnitTests\Infrastructure.RestApi.UnitTests.csproj", "{E1030412-92CB-43DA-8522-EC0E2B4CD3A4}"
EndProject
Global
	GlobalSection(SolutionConfigurationPlatforms) = preSolution
		Debug|Any CPU = Debug|Any CPU
		Release|Any CPU = Release|Any CPU
	EndGlobalSection
	GlobalSection(ProjectConfigurationPlatforms) = postSolution
		{E6F0A7BC-55AE-4372-A554-889B07C9ADB0}.Debug|Any CPU.ActiveCfg = Debug|Any CPU
		{E6F0A7BC-55AE-4372-A554-889B07C9ADB0}.Debug|Any CPU.Build.0 = Debug|Any CPU
		{E6F0A7BC-55AE-4372-A554-889B07C9ADB0}.Release|Any CPU.ActiveCfg = Release|Any CPU
		{E6F0A7BC-55AE-4372-A554-889B07C9ADB0}.Release|Any CPU.Build.0 = Release|Any CPU
		{3A04400E-D128-41E9-9C84-B69230C62B68}.Debug|Any CPU.ActiveCfg = Debug|Any CPU
		{3A04400E-D128-41E9-9C84-B69230C62B68}.Debug|Any CPU.Build.0 = Debug|Any CPU
		{3A04400E-D128-41E9-9C84-B69230C62B68}.Release|Any CPU.ActiveCfg = Release|Any CPU
		{3A04400E-D128-41E9-9C84-B69230C62B68}.Release|Any CPU.Build.0 = Release|Any CPU
		{7B093A0E-802D-4A46-803D-DB28B140631A}.Debug|Any CPU.ActiveCfg = Debug|Any CPU
		{7B093A0E-802D-4A46-803D-DB28B140631A}.Debug|Any CPU.Build.0 = Debug|Any CPU
		{7B093A0E-802D-4A46-803D-DB28B140631A}.Release|Any CPU.ActiveCfg = Release|Any CPU
		{7B093A0E-802D-4A46-803D-DB28B140631A}.Release|Any CPU.Build.0 = Release|Any CPU
		{E1030412-92CB-43DA-8522-EC0E2B4CD3A4}.Debug|Any CPU.ActiveCfg = Debug|Any CPU
		{E1030412-92CB-43DA-8522-EC0E2B4CD3A4}.Debug|Any CPU.Build.0 = Debug|Any CPU
		{E1030412-92CB-43DA-8522-EC0E2B4CD3A4}.Release|Any CPU.ActiveCfg = Release|Any CPU
		{E1030412-92CB-43DA-8522-EC0E2B4CD3A4}.Release|Any CPU.Build.0 = Release|Any CPU
	EndGlobalSection
	GlobalSection(SolutionProperties) = preSolution
		HideSolutionNode = FALSE
	EndGlobalSection
	GlobalSection(ExtensibilityGlobals) = postSolution
		SolutionGuid = {4860F013-0BB1-4EA4-939D-3C0800A9CD6E}
	EndGlobalSection
EndGlobal
